
Microsoft Visual Studio Solution File, Format Version 12.00
# Visual Studio Version 17
VisualStudioVersion = 17.14.37111.16
MinimumVisualStudioVersion = 10.0.40219.1
Project("{FAE04EC0-301F-11D3-BF4B-00C04F79EFBC}") = "Hello WPF", "B1\Hello WPF.csproj", "{D682C258-D312-40BF-93E9-8823FE43F894}"
EndProject
Project("{FAE04EC0-301F-11D3-BF4B-00C04F79EFBC}") = "Nut input", "Nur input\Nut input.csproj", "{8F6DE221-69D0-4326-AECE-2272DD5EE1BB}"
EndProject
Project("{FAE04EC0-301F-11D3-BF4B-00C04F79EFBC}") = "Layout", "Layout\Layout.csproj", "{A611C46A-39B6-43C6-8986-329C2C6E4553}"
EndProject
Project("{FAE04EC0-301F-11D3-BF4B-00C04F79EFBC}") = "Layout2", "Layout2\Layout2.csproj", "{AE81B667-FE46-4C86-BC78-501D0CDFC30F}"
EndProject
Project("{FAE04EC0-301F-11D3-BF4B-00C04F79EFBC}") = "Form", "Form\Form.csproj", "{7E6AC753-6860-490A-B2C6-FF732EB90DB9}"
EndProject
Project("{FAE04EC0-301F-11D3-BF4B-00C04F79EFBC}") = "CuaSo", "CuaSo\CuaSo.csproj", "{5339EA27-8F7D-4A67-B44A-9EE140F6A898}"
EndProject
Project("{FAE04EC0-301F-11D3-BF4B-00C04F79EFBC}") = "CuaSo2", "CuaSo2\CuaSo2.csproj", "{9530AA2A-F8D3-4143-90F2-2B84375E4E35}"
EndProject
Project("{FAE04EC0-301F-11D3-BF4B-00C04F79EFBC}") = "CuaSo3", "CuaSo3\CuaSo3.csproj", "{07D5094A-9EC5-414E-B9B2-EFCD4C161683}"
EndProject
Project("{FAE04EC0-301F-11D3-BF4B-00C04F79EFBC}") = "QL_KS", "QL_KS\QL_KS.csproj", "{13CACF78-44A3-4261-BF87-658F2BD473BF}"
EndProject
Project("{FAE04EC0-301F-11D3-BF4B-00C04F79EFBC}") = "QL_CF", "QL_CF\QL_CF.csproj", "{34A0AA30-31B2-45DE-9EB9-71041EC3EBE7}"
EndProject
Project("{FAE04EC0-301F-11D3-BF4B-00C04F79EFBC}") = "DSSV", "DSSV\DSSV.csproj", "{F6397EAD-6FFE-4262-AB87-032820EF2BD1}"
EndProject
Project("{FAE04EC0-301F-11D3-BF4B-00C04F79EFBC}") = "DSVS2", "DSVS2\DSVS2.csproj", "{5872400C-5EB0-41CE-84D8-06618A13786D}"
EndProject
Project("{FAE04EC0-301F-11D3-BF4B-00C04F79EFBC}") = "Hotel", "Hotel\Hotel.csproj", "{2A60CA46-2973-4A0B-BBA9-51956A1CA367}"
EndProject
Project("{FAE04EC0-301F-11D3-BF4B-00C04F79EFBC}") = "Cafe", "..\B7_MVVM\Cafe\Cafe.csproj", "{C91D1FA5-617A-8A2A-408E-ED904EC5FAE5}"
EndProject
Global
	GlobalSection(SolutionConfigurationPlatforms) = preSolution
		Debug|Any CPU = Debug|Any CPU
		Release|Any CPU = Release|Any CPU
	EndGlobalSection
	GlobalSection(ProjectConfigurationPlatforms) = postSolution
		{D682C258-D312-40BF-93E9-8823FE43F894}.Debug|Any CPU.ActiveCfg = Debug|Any CPU
		{D682C258-D312-40BF-93E9-8823FE43F894}.Debug|Any CPU.Build.0 = Debug|Any CPU
		{D682C258-D312-40BF-93E9-8823FE43F894}.Release|Any CPU.ActiveCfg = Release|Any CPU
		{D682C258-D312-40BF-93E9-8823FE43F894}.Release|Any CPU.Build.0 = Release|Any CPU
		{8F6DE221-69D0-4326-AECE-2272DD5EE1BB}.Debug|Any CPU.ActiveCfg = Debug|Any CPU
		{8F6DE221-69D0-4326-AECE-2272DD5EE1BB}.Debug|Any CPU.Build.0 = Debug|Any CPU
		{8F6DE221-69D0-4326-AECE-2272DD5EE1BB}.Release|Any CPU.ActiveCfg = Release|Any CPU
		{8F6DE221-69D0-4326-AECE-2272DD5EE1BB}.Release|Any CPU.Build.0 = Release|Any CPU
		{A611C46A-39B6-43C6-8986-329C2C6E4553}.Debug|Any CPU.ActiveCfg = Debug|Any CPU
		{A611C46A-39B6-43C6-8986-329C2C6E4553}.Debug|Any CPU.Build.0 = Debug|Any CPU
		{A611C46A-39B6-43C6-8986-329C2C6E4553}.Release|Any CPU.ActiveCfg = Release|Any CPU
		{A611C46A-39B6-43C6-8986-329C2C6E4553}.Release|Any CPU.Build.0 = Release|Any CPU
		{AE81B667-FE46-4C86-BC78-501D0CDFC30F}.Debug|Any CPU.ActiveCfg = Debug|Any CPU
		{AE81B667-FE46-4C86-BC78-501D0CDFC30F}.Debug|Any CPU.Build.0 = Debug|Any CPU
		{AE81B667-FE46-4C86-BC78-501D0CDFC30F}.Release|Any CPU.ActiveCfg = Release|Any CPU
		{AE81B667-FE46-4C86-BC78-501D0CDFC30F}.Release|Any CPU.Build.0 = Release|Any CPU
		{7E6AC753-6860-490A-B2C6-FF732EB90DB9}.Debug|Any CPU.ActiveCfg = Debug|Any CPU
		{7E6AC753-6860-490A-B2C6-FF732EB90DB9}.Debug|Any CPU.Build.0 = Debug|Any CPU
		{7E6AC753-6860-490A-B2C6-FF732EB90DB9}.Release|Any CPU.ActiveCfg = Release|Any CPU
		{7E6AC753-6860-490A-B2C6-FF732EB90DB9}.Release|Any CPU.Build.0 = Release|Any CPU
		{5339EA27-8F7D-4A67-B44A-9EE140F6A898}.Debug|Any CPU.ActiveCfg = Debug|Any CPU
		{5339EA27-8F7D-4A67-B44A-9EE140F6A898}.Debug|Any CPU.Build.0 = Debug|Any CPU
		{5339EA27-8F7D-4A67-B44A-9EE140F6A898}.Release|Any CPU.ActiveCfg = Release|Any CPU
		{5339EA27-8F7D-4A67-B44A-9EE140F6A898}.Release|Any CPU.Build.0 = Release|Any CPU
		{9530AA2A-F8D3-4143-90F2-2B84375E4E35}.Debug|Any CPU.ActiveCfg = Debug|Any CPU
		{9530AA2A-F8D3-4143-90F2-2B84375E4E35}.Debug|Any CPU.Build.0 = Debug|Any CPU
		{9530AA2A-F8D3-4143-90F2-2B84375E4E35}.Release|Any CPU.ActiveCfg = Release|Any CPU
		{9530AA2A-F8D3-4143-90F2-2B84375E4E35}.Release|Any CPU.Build.0 = Release|Any CPU
		{07D5094A-9EC5-414E-B9B2-EFCD4C161683}.Debug|Any CPU.ActiveCfg = Debug|Any CPU
		{07D5094A-9EC5-414E-B9B2-EFCD4C161683}.Debug|Any CPU.Build.0 = Debug|Any CPU
		{07D5094A-9EC5-414E-B9B2-EFCD4C161683}.Release|Any CPU.ActiveCfg = Release|Any CPU
		{07D5094A-9EC5-414E-B9B2-EFCD4C161683}.Release|Any CPU.Build.0 = Release|Any CPU
		{13CACF78-44A3-4261-BF87-658F2BD473BF}.Debug|Any CPU.ActiveCfg = Debug|Any CPU
		{13CACF78-44A3-4261-BF87-658F2BD473BF}.Debug|Any CPU.Build.0 = Debug|Any CPU
		{13CACF78-44A3-4261-BF87-658F2BD473BF}.Release|Any CPU.ActiveCfg = Release|Any CPU
		{13CACF78-44A3-4261-BF87-658F2BD473BF}.Release|Any CPU.Build.0 = Release|Any CPU
		{34A0AA30-31B2-45DE-9EB9-71041EC3EBE7}.Debug|Any CPU.ActiveCfg = Debug|Any CPU
		{34A0AA30-31B2-45DE-9EB9-71041EC3EBE7}.Debug|Any CPU.Build.0 = Debug|Any CPU
		{34A0AA30-31B2-45DE-9EB9-71041EC3EBE7}.Release|Any CPU.ActiveCfg = Release|Any CPU
		{34A0AA30-31B2-45DE-9EB9-71041EC3EBE7}.Release|Any CPU.Build.0 = Release|Any CPU
		{F6397EAD-6FFE-4262-AB87-032820EF2BD1}.Debug|Any CPU.ActiveCfg = Debug|Any CPU
		{F6397EAD-6FFE-4262-AB87-032820EF2BD1}.Debug|Any CPU.Build.0 = Debug|Any CPU
		{F6397EAD-6FFE-4262-AB87-032820EF2BD1}.Release|Any CPU.ActiveCfg = Release|Any CPU
		{F6397EAD-6FFE-4262-AB87-032820EF2BD1}.Release|Any CPU.Build.0 = Release|Any CPU
		{5872400C-5EB0-41CE-84D8-06618A13786D}.Debug|Any CPU.ActiveCfg = Debug|Any CPU
		{5872400C-5EB0-41CE-84D8-06618A13786D}.Debug|Any CPU.Build.0 = Debug|Any CPU
		{5872400C-5EB0-41CE-84D8-06618A13786D}.Release|Any CPU.ActiveCfg = Release|Any CPU
		{5872400C-5EB0-41CE-84D8-06618A13786D}.Release|Any CPU.Build.0 = Release|Any CPU
		{2A60CA46-2973-4A0B-BBA9-51956A1CA367}.Debug|Any CPU.ActiveCfg = Debug|Any CPU
		{2A60CA46-2973-4A0B-BBA9-51956A1CA367}.Debug|Any CPU.Build.0 = Debug|Any CPU
		{2A60CA46-2973-4A0B-BBA9-51956A1CA367}.Release|Any CPU.ActiveCfg = Release|Any CPU
		{2A60CA46-2973-4A0B-BBA9-51956A1CA367}.Release|Any CPU.Build.0 = Release|Any CPU
		{C91D1FA5-617A-8A2A-408E-ED904EC5FAE5}.Debug|Any CPU.ActiveCfg = Debug|Any CPU
		{C91D1FA5-617A-8A2A-408E-ED904EC5FAE5}.Debug|Any CPU.Build.0 = Debug|Any CPU
		{C91D1FA5-617A-8A2A-408E-ED904EC5FAE5}.Release|Any CPU.ActiveCfg = Release|Any CPU
		{C91D1FA5-617A-8A2A-408E-ED904EC5FAE5}.Release|Any CPU.Build.0 = Release|Any CPU
	EndGlobalSection
	GlobalSection(SolutionProperties) = preSolution
		HideSolutionNode = FALSE
	EndGlobalSection
	GlobalSection(ExtensibilityGlobals) = postSolution
		SolutionGuid = {2F489617-E7E7-4C70-9726-AF7BC92B9292}
	EndGlobalSection
EndGlobal
