
Microsoft Visual Studio Solution File, Format Version 12.00
# Visual Studio Version 17
VisualStudioVersion = 17.10.35122.118
MinimumVisualStudioVersion = 10.0.40219.1
Project("{9A19103F-16F7-4668-BE54-9A1E7A4F7556}") = "Bai1", "Bai1\Bai1.csproj", "{6C26858F-C4D6-47A3-8A80-8DE4C62F3FE4}"
EndProject
Project("{FAE04EC0-301F-11D3-BF4B-00C04F79EFBC}") = "Bai2", "Bai2\Bai2.csproj", "{40D0C6AC-9C5F-45F0-B197-88A3CB4880A8}"
EndProject
Project("{FAE04EC0-301F-11D3-BF4B-00C04F79EFBC}") = "Bai3", "Bai3\Bai3.csproj", "{412CE415-1C17-4907-B40D-11E73471EC6D}"
EndProject
Project("{FAE04EC0-301F-11D3-BF4B-00C04F79EFBC}") = "Bai4", "Bai4\Bai4.csproj", "{C383BE41-5E41-4291-8D4C-EE12D6DCF071}"
EndProject
Global
	GlobalSection(SolutionConfigurationPlatforms) = preSolution
		Debug|Any CPU = Debug|Any CPU
		Release|Any CPU = Release|Any CPU
	EndGlobalSection
	GlobalSection(ProjectConfigurationPlatforms) = postSolution
		{6C26858F-C4D6-47A3-8A80-8DE4C62F3FE4}.Debug|Any CPU.ActiveCfg = Debug|Any CPU
		{6C26858F-C4D6-47A3-8A80-8DE4C62F3FE4}.Debug|Any CPU.Build.0 = Debug|Any CPU
		{6C26858F-C4D6-47A3-8A80-8DE4C62F3FE4}.Release|Any CPU.ActiveCfg = Release|Any CPU
		{6C26858F-C4D6-47A3-8A80-8DE4C62F3FE4}.Release|Any CPU.Build.0 = Release|Any CPU
		{40D0C6AC-9C5F-45F0-B197-88A3CB4880A8}.Debug|Any CPU.ActiveCfg = Debug|Any CPU
		{40D0C6AC-9C5F-45F0-B197-88A3CB4880A8}.Debug|Any CPU.Build.0 = Debug|Any CPU
		{40D0C6AC-9C5F-45F0-B197-88A3CB4880A8}.Release|Any CPU.ActiveCfg = Release|Any CPU
		{40D0C6AC-9C5F-45F0-B197-88A3CB4880A8}.Release|Any CPU.Build.0 = Release|Any CPU
		{412CE415-1C17-4907-B40D-11E73471EC6D}.Debug|Any CPU.ActiveCfg = Debug|Any CPU
		{412CE415-1C17-4907-B40D-11E73471EC6D}.Debug|Any CPU.Build.0 = Debug|Any CPU
		{412CE415-1C17-4907-B40D-11E73471EC6D}.Release|Any CPU.ActiveCfg = Release|Any CPU
		{412CE415-1C17-4907-B40D-11E73471EC6D}.Release|Any CPU.Build.0 = Release|Any CPU
		{C383BE41-5E41-4291-8D4C-EE12D6DCF071}.Debug|Any CPU.ActiveCfg = Debug|Any CPU
		{C383BE41-5E41-4291-8D4C-EE12D6DCF071}.Debug|Any CPU.Build.0 = Debug|Any CPU
		{C383BE41-5E41-4291-8D4C-EE12D6DCF071}.Release|Any CPU.ActiveCfg = Release|Any CPU
		{C383BE41-5E41-4291-8D4C-EE12D6DCF071}.Release|Any CPU.Build.0 = Release|Any CPU
	EndGlobalSection
	GlobalSection(SolutionProperties) = preSolution
		HideSolutionNode = FALSE
	EndGlobalSection
	GlobalSection(ExtensibilityGlobals) = postSolution
		SolutionGuid = {578FDCAC-DB18-4B33-AAE0-5A13C05FBCF6}
	EndGlobalSection
EndGlobal
