
Microsoft Visual Studio Solution File, Format Version 12.00
# Visual Studio Version 17
VisualStudioVersion = 17.14.36915.13 d17.14
MinimumVisualStudioVersion = 10.0.40219.1
Project("{FAE04EC0-301F-11D3-BF4B-00C04F79EFBC}") = "B5_MVVM", "B5_MVVM\B5_MVVM.csproj", "{19F0CB53-B866-44BC-B869-F31EA8B54811}"
EndProject
Global
	GlobalSection(SolutionConfigurationPlatforms) = preSolution
		Debug|Any CPU = Debug|Any CPU
		Release|Any CPU = Release|Any CPU
	EndGlobalSection
	GlobalSection(ProjectConfigurationPlatforms) = postSolution
		{19F0CB53-B866-44BC-B869-F31EA8B54811}.Debug|Any CPU.ActiveCfg = Debug|Any CPU
		{19F0CB53-B866-44BC-B869-F31EA8B54811}.Debug|Any CPU.Build.0 = Debug|Any CPU
		{19F0CB53-B866-44BC-B869-F31EA8B54811}.Release|Any CPU.ActiveCfg = Release|Any CPU
		{19F0CB53-B866-44BC-B869-F31EA8B54811}.Release|Any CPU.Build.0 = Release|Any CPU
	EndGlobalSection
	GlobalSection(SolutionProperties) = preSolution
		HideSolutionNode = FALSE
	EndGlobalSection
	GlobalSection(ExtensibilityGlobals) = postSolution
		SolutionGuid = {12E61014-868E-447C-AD21-A1829ED74DE1}
	EndGlobalSection
EndGlobal
